// !$*UTF8*$!
{
	archiveVersion = 1;
	classes = {
	};
	objectVersion = 46;
	objects = {

/* Begin PBXBuildFile section */
		3C5A39E21A9323D700CFAB36 /* Bolts.framework in Frameworks */ = {isa = PBXBuildFile; fileRef = 3C5A39DD1A9323D700CFAB36 /* Bolts.framework */; };
		3C5A39E31A9323D700CFAB36 /* Parse.framework in Frameworks */ = {isa = PBXBuildFile; fileRef = 3C5A39DE1A9323D700CFAB36 /* Parse.framework */; };
		3C5A39E41A9323D700CFAB36 /* ParseCrashReporting.framework in Frameworks */ = {isa = PBXBuildFile; fileRef = 3C5A39DF1A9323D700CFAB36 /* ParseCrashReporting.framework */; };
		3C5A39E51A9323D800CFAB36 /* ParseFacebookUtils.framework in Frameworks */ = {isa = PBXBuildFile; fileRef = 3C5A39E01A9323D700CFAB36 /* ParseFacebookUtils.framework */; };
		3C5A39E61A9323D800CFAB36 /* ParseUI.framework in Frameworks */ = {isa = PBXBuildFile; fileRef = 3C5A39E11A9323D700CFAB36 /* ParseUI.framework */; };
		3C5A39E91A9324E300CFAB36 /* libz.1.1.3.dylib in Frameworks */ = {isa = PBXBuildFile; fileRef = 3C5A39E81A9324E300CFAB36 /* libz.1.1.3.dylib */; };
		3C5A39EB1A93251300CFAB36 /* libstdc++.6.dylib in Frameworks */ = {isa = PBXBuildFile; fileRef = 3C5A39EA1A93251300CFAB36 /* libstdc++.6.dylib */; };
		3C5A39ED1A93259700CFAB36 /* libsqlite3.0.dylib in Frameworks */ = {isa = PBXBuildFile; fileRef = 3C5A39EC1A93259700CFAB36 /* libsqlite3.0.dylib */; };
		3C5A39EF1A9325A200CFAB36 /* Foundation.framework in Frameworks */ = {isa = PBXBuildFile; fileRef = 3C5A39EE1A9325A200CFAB36 /* Foundation.framework */; };
		3C5A39F11A9325AD00CFAB36 /* UIKit.framework in Frameworks */ = {isa = PBXBuildFile; fileRef = 3C5A39F01A9325AD00CFAB36 /* UIKit.framework */; };
		3C5A39F31A9325CF00CFAB36 /* CFNetwork.framework in Frameworks */ = {isa = PBXBuildFile; fileRef = 3C5A39F21A9325CF00CFAB36 /* CFNetwork.framework */; };
		3C5A39F51A9325E300CFAB36 /* SystemConfiguration.framework in Frameworks */ = {isa = PBXBuildFile; fileRef = 3C5A39F41A9325E300CFAB36 /* SystemConfiguration.framework */; };
		3C5A39F71A9325F100CFAB36 /* MobileCoreServices.framework in Frameworks */ = {isa = PBXBuildFile; fileRef = 3C5A39F61A9325F100CFAB36 /* MobileCoreServices.framework */; };
		3C5A39F91A93260200CFAB36 /* AudioToolbox.framework in Frameworks */ = {isa = PBXBuildFile; fileRef = 3C5A39F81A93260200CFAB36 /* AudioToolbox.framework */; };
		3C5A39FB1A93264A00CFAB36 /* Security.framework in Frameworks */ = {isa = PBXBuildFile; fileRef = 3C5A39FA1A93264A00CFAB36 /* Security.framework */; };
		3C5A39FD1A93265400CFAB36 /* QuartzCore.framework in Frameworks */ = {isa = PBXBuildFile; fileRef = 3C5A39FC1A93265400CFAB36 /* QuartzCore.framework */; };
		3C5A39FF1A93265E00CFAB36 /* CoreGraphics.framework in Frameworks */ = {isa = PBXBuildFile; fileRef = 3C5A39FE1A93265E00CFAB36 /* CoreGraphics.framework */; };
		3C5A3A011A93266B00CFAB36 /* StoreKit.framework in Frameworks */ = {isa = PBXBuildFile; fileRef = 3C5A3A001A93266B00CFAB36 /* StoreKit.framework */; };
		3C5A3A031A93267500CFAB36 /* CoreLocation.framework in Frameworks */ = {isa = PBXBuildFile; fileRef = 3C5A3A021A93267500CFAB36 /* CoreLocation.framework */; };
		3CB447FD1A93126A00C8AD9C /* main.m in Sources */ = {isa = PBXBuildFile; fileRef = 3CB447FC1A93126A00C8AD9C /* main.m */; };
		3CB448001A93126A00C8AD9C /* AppDelegate.m in Sources */ = {isa = PBXBuildFile; fileRef = 3CB447FF1A93126A00C8AD9C /* AppDelegate.m */; };
		3CB448031A93126A00C8AD9C /* HomeCopeo.m in Sources */ = {isa = PBXBuildFile; fileRef = 3CB448021A93126A00C8AD9C /* HomeCopeo.m */; };
		3CB448061A93126A00C8AD9C /* Main.storyboard in Resources */ = {isa = PBXBuildFile; fileRef = 3CB448041A93126A00C8AD9C /* Main.storyboard */; };
		3CB448081A93126A00C8AD9C /* Images.xcassets in Resources */ = {isa = PBXBuildFile; fileRef = 3CB448071A93126A00C8AD9C /* Images.xcassets */; };
		3CB4480B1A93126A00C8AD9C /* LaunchScreen.xib in Resources */ = {isa = PBXBuildFile; fileRef = 3CB448091A93126A00C8AD9C /* LaunchScreen.xib */; };
		3CB448171A93126A00C8AD9C /* CopeoTests.m in Sources */ = {isa = PBXBuildFile; fileRef = 3CB448161A93126A00C8AD9C /* CopeoTests.m */; };
/* End PBXBuildFile section */

/* Begin PBXContainerItemProxy section */
		3CB448111A93126A00C8AD9C /* PBXContainerItemProxy */ = {
			isa = PBXContainerItemProxy;
			containerPortal = 3CB447EF1A93126A00C8AD9C /* Project object */;
			proxyType = 1;
			remoteGlobalIDString = 3CB447F61A93126A00C8AD9C;
			remoteInfo = Copeo;
		};
/* End PBXContainerItemProxy section */

/* Begin PBXFileReference section */
		3C5A39DD1A9323D700CFAB36 /* Bolts.framework */ = {isa = PBXFileReference; lastKnownFileType = wrapper.framework; path = Bolts.framework; sourceTree = "<group>"; };
		3C5A39DE1A9323D700CFAB36 /* Parse.framework */ = {isa = PBXFileReference; lastKnownFileType = wrapper.framework; path = Parse.framework; sourceTree = "<group>"; };
		3C5A39DF1A9323D700CFAB36 /* ParseCrashReporting.framework */ = {isa = PBXFileReference; lastKnownFileType = wrapper.framework; path = ParseCrashReporting.framework; sourceTree = "<group>"; };
		3C5A39E01A9323D700CFAB36 /* ParseFacebookUtils.framework */ = {isa = PBXFileReference; lastKnownFileType = wrapper.framework; path = ParseFacebookUtils.framework; sourceTree = "<group>"; };
		3C5A39E11A9323D700CFAB36 /* ParseUI.framework */ = {isa = PBXFileReference; lastKnownFileType = wrapper.framework; path = ParseUI.framework; sourceTree = "<group>"; };
		3C5A39E81A9324E300CFAB36 /* libz.1.1.3.dylib */ = {isa = PBXFileReference; lastKnownFileType = "compiled.mach-o.dylib"; name = libz.1.1.3.dylib; path = usr/lib/libz.1.1.3.dylib; sourceTree = SDKROOT; };
		3C5A39EA1A93251300CFAB36 /* libstdc++.6.dylib */ = {isa = PBXFileReference; lastKnownFileType = "compiled.mach-o.dylib"; name = "libstdc++.6.dylib"; path = "usr/lib/libstdc++.6.dylib"; sourceTree = SDKROOT; };
		3C5A39EC1A93259700CFAB36 /* libsqlite3.0.dylib */ = {isa = PBXFileReference; lastKnownFileType = "compiled.mach-o.dylib"; name = libsqlite3.0.dylib; path = usr/lib/libsqlite3.0.dylib; sourceTree = SDKROOT; };
		3C5A39EE1A9325A200CFAB36 /* Foundation.framework */ = {isa = PBXFileReference; lastKnownFileType = wrapper.framework; name = Foundation.framework; path = System/Library/Frameworks/Foundation.framework; sourceTree = SDKROOT; };
		3C5A39F01A9325AD00CFAB36 /* UIKit.framework */ = {isa = PBXFileReference; lastKnownFileType = wrapper.framework; name = UIKit.framework; path = System/Library/Frameworks/UIKit.framework; sourceTree = SDKROOT; };
		3C5A39F21A9325CF00CFAB36 /* CFNetwork.framework */ = {isa = PBXFileReference; lastKnownFileType = wrapper.framework; name = CFNetwork.framework; path = System/Library/Frameworks/CFNetwork.framework; sourceTree = SDKROOT; };
		3C5A39F41A9325E300CFAB36 /* SystemConfiguration.framework */ = {isa = PBXFileReference; lastKnownFileType = wrapper.framework; name = SystemConfiguration.framework; path = System/Library/Frameworks/SystemConfiguration.framework; sourceTree = SDKROOT; };
		3C5A39F61A9325F100CFAB36 /* MobileCoreServices.framework */ = {isa = PBXFileReference; lastKnownFileType = wrapper.framework; name = MobileCoreServices.framework; path = System/Library/Frameworks/MobileCoreServices.framework; sourceTree = SDKROOT; };
		3C5A39F81A93260200CFAB36 /* AudioToolbox.framework */ = {isa = PBXFileReference; lastKnownFileType = wrapper.framework; name = AudioToolbox.framework; path = System/Library/Frameworks/AudioToolbox.framework; sourceTree = SDKROOT; };
		3C5A39FA1A93264A00CFAB36 /* Security.framework */ = {isa = PBXFileReference; lastKnownFileType = wrapper.framework; name = Security.framework; path = System/Library/Frameworks/Security.framework; sourceTree = SDKROOT; };
		3C5A39FC1A93265400CFAB36 /* QuartzCore.framework */ = {isa = PBXFileReference; lastKnownFileType = wrapper.framework; name = QuartzCore.framework; path = System/Library/Frameworks/QuartzCore.framework; sourceTree = SDKROOT; };
		3C5A39FE1A93265E00CFAB36 /* CoreGraphics.framework */ = {isa = PBXFileReference; lastKnownFileType = wrapper.framework; name = CoreGraphics.framework; path = System/Library/Frameworks/CoreGraphics.framework; sourceTree = SDKROOT; };
		3C5A3A001A93266B00CFAB36 /* StoreKit.framework */ = {isa = PBXFileReference; lastKnownFileType = wrapper.framework; name = StoreKit.framework; path = System/Library/Frameworks/StoreKit.framework; sourceTree = SDKROOT; };
		3C5A3A021A93267500CFAB36 /* CoreLocation.framework */ = {isa = PBXFileReference; lastKnownFileType = wrapper.framework; name = CoreLocation.framework; path = System/Library/Frameworks/CoreLocation.framework; sourceTree = SDKROOT; };
		3CB447F71A93126A00C8AD9C /* Copeo.app */ = {isa = PBXFileReference; explicitFileType = wrapper.application; includeInIndex = 0; path = Copeo.app; sourceTree = BUILT_PRODUCTS_DIR; };
		3CB447FB1A93126A00C8AD9C /* Info.plist */ = {isa = PBXFileReference; lastKnownFileType = text.plist.xml; path = Info.plist; sourceTree = "<group>"; };
		3CB447FC1A93126A00C8AD9C /* main.m */ = {isa = PBXFileReference; lastKnownFileType = sourcecode.c.objc; path = main.m; sourceTree = "<group>"; };
		3CB447FE1A93126A00C8AD9C /* AppDelegate.h */ = {isa = PBXFileReference; lastKnownFileType = sourcecode.c.h; path = AppDelegate.h; sourceTree = "<group>"; };
		3CB447FF1A93126A00C8AD9C /* AppDelegate.m */ = {isa = PBXFileReference; lastKnownFileType = sourcecode.c.objc; path = AppDelegate.m; sourceTree = "<group>"; };
		3CB448011A93126A00C8AD9C /* HomeCopeo.h */ = {isa = PBXFileReference; lastKnownFileType = sourcecode.c.h; path = HomeCopeo.h; sourceTree = "<group>"; };
		3CB448021A93126A00C8AD9C /* HomeCopeo.m */ = {isa = PBXFileReference; lastKnownFileType = sourcecode.c.objc; path = HomeCopeo.m; sourceTree = "<group>"; };
		3CB448051A93126A00C8AD9C /* Base */ = {isa = PBXFileReference; lastKnownFileType = file.storyboard; name = Base; path = Base.lproj/Main.storyboard; sourceTree = "<group>"; };
		3CB448071A93126A00C8AD9C /* Images.xcassets */ = {isa = PBXFileReference; lastKnownFileType = folder.assetcatalog; path = Images.xcassets; sourceTree = "<group>"; };
		3CB4480A1A93126A00C8AD9C /* Base */ = {isa = PBXFileReference; lastKnownFileType = file.xib; name = Base; path = Base.lproj/LaunchScreen.xib; sourceTree = "<group>"; };
		3CB448101A93126A00C8AD9C /* CopeoTests.xctest */ = {isa = PBXFileReference; explicitFileType = wrapper.cfbundle; includeInIndex = 0; path = CopeoTests.xctest; sourceTree = BUILT_PRODUCTS_DIR; };
		3CB448151A93126A00C8AD9C /* Info.plist */ = {isa = PBXFileReference; lastKnownFileType = text.plist.xml; path = Info.plist; sourceTree = "<group>"; };
		3CB448161A93126A00C8AD9C /* CopeoTests.m */ = {isa = PBXFileReference; lastKnownFileType = sourcecode.c.objc; path = CopeoTests.m; sourceTree = "<group>"; };
/* End PBXFileReference section */

/* Begin PBXFrameworksBuildPhase section */
		3CB447F41A93126A00C8AD9C /* Frameworks */ = {
			isa = PBXFrameworksBuildPhase;
			buildActionMask = 2147483647;
			files = (
				3C5A39F91A93260200CFAB36 /* AudioToolbox.framework in Frameworks */,
				3C5A3A031A93267500CFAB36 /* CoreLocation.framework in Frameworks */,
				3C5A3A011A93266B00CFAB36 /* StoreKit.framework in Frameworks */,
				3C5A39FF1A93265E00CFAB36 /* CoreGraphics.framework in Frameworks */,
				3C5A39FD1A93265400CFAB36 /* QuartzCore.framework in Frameworks */,
				3C5A39FB1A93264A00CFAB36 /* Security.framework in Frameworks */,
				3C5A39F71A9325F100CFAB36 /* MobileCoreServices.framework in Frameworks */,
				3C5A39F51A9325E300CFAB36 /* SystemConfiguration.framework in Frameworks */,
				3C5A39F31A9325CF00CFAB36 /* CFNetwork.framework in Frameworks */,
				3C5A39F11A9325AD00CFAB36 /* UIKit.framework in Frameworks */,
				3C5A39EF1A9325A200CFAB36 /* Foundation.framework in Frameworks */,
				3C5A39ED1A93259700CFAB36 /* libsqlite3.0.dylib in Frameworks */,
				3C5A39EB1A93251300CFAB36 /* libstdc++.6.dylib in Frameworks */,
				3C5A39E91A9324E300CFAB36 /* libz.1.1.3.dylib in Frameworks */,
				3C5A39E31A9323D700CFAB36 /* Parse.framework in Frameworks */,
				3C5A39E41A9323D700CFAB36 /* ParseCrashReporting.framework in Frameworks */,
				3C5A39E61A9323D800CFAB36 /* ParseUI.framework in Frameworks */,
				3C5A39E51A9323D800CFAB36 /* ParseFacebookUtils.framework in Frameworks */,
				3C5A39E21A9323D700CFAB36 /* Bolts.framework in Frameworks */,
			);
			runOnlyForDeploymentPostprocessing = 0;
		};
		3CB4480D1A93126A00C8AD9C /* Frameworks */ = {
			isa = PBXFrameworksBuildPhase;
			buildActionMask = 2147483647;
			files = (
			);
			runOnlyForDeploymentPostprocessing = 0;
		};
/* End PBXFrameworksBuildPhase section */

/* Begin PBXGroup section */
		3C5A39DC1A9323D700CFAB36 /* parse-library */ = {
			isa = PBXGroup;
			children = (
				3C5A39DD1A9323D700CFAB36 /* Bolts.framework */,
				3C5A39DE1A9323D700CFAB36 /* Parse.framework */,
				3C5A39DF1A9323D700CFAB36 /* ParseCrashReporting.framework */,
				3C5A39E01A9323D700CFAB36 /* ParseFacebookUtils.framework */,
				3C5A39E11A9323D700CFAB36 /* ParseUI.framework */,
			);
			path = "parse-library";
			sourceTree = "<group>";
		};
		3C5A39E71A9323E500CFAB36 /* Frameworks */ = {
			isa = PBXGroup;
			children = (
				3C5A3A021A93267500CFAB36 /* CoreLocation.framework */,
				3C5A3A001A93266B00CFAB36 /* StoreKit.framework */,
				3C5A39FE1A93265E00CFAB36 /* CoreGraphics.framework */,
				3C5A39FC1A93265400CFAB36 /* QuartzCore.framework */,
				3C5A39FA1A93264A00CFAB36 /* Security.framework */,
				3C5A39F81A93260200CFAB36 /* AudioToolbox.framework */,
				3C5A39F61A9325F100CFAB36 /* MobileCoreServices.framework */,
				3C5A39F41A9325E300CFAB36 /* SystemConfiguration.framework */,
				3C5A39F21A9325CF00CFAB36 /* CFNetwork.framework */,
				3C5A39F01A9325AD00CFAB36 /* UIKit.framework */,
				3C5A39EE1A9325A200CFAB36 /* Foundation.framework */,
				3C5A39EC1A93259700CFAB36 /* libsqlite3.0.dylib */,
				3C5A39EA1A93251300CFAB36 /* libstdc++.6.dylib */,
				3C5A39E81A9324E300CFAB36 /* libz.1.1.3.dylib */,
				3C5A39DC1A9323D700CFAB36 /* parse-library */,
			);
			name = Frameworks;
			sourceTree = "<group>";
		};
		3CB447EE1A93126A00C8AD9C = {
			isa = PBXGroup;
			children = (
				3C5A39E71A9323E500CFAB36 /* Frameworks */,
				3CB447F91A93126A00C8AD9C /* Copeo */,
				3CB448131A93126A00C8AD9C /* CopeoTests */,
				3CB447F81A93126A00C8AD9C /* Products */,
			);
			sourceTree = "<group>";
		};
		3CB447F81A93126A00C8AD9C /* Products */ = {
			isa = PBXGroup;
			children = (
				3CB447F71A93126A00C8AD9C /* Copeo.app */,
				3CB448101A93126A00C8AD9C /* CopeoTests.xctest */,
			);
			name = Products;
			sourceTree = "<group>";
		};
		3CB447F91A93126A00C8AD9C /* Copeo */ = {
			isa = PBXGroup;
			children = (
				3CB447FE1A93126A00C8AD9C /* AppDelegate.h */,
				3CB447FF1A93126A00C8AD9C /* AppDelegate.m */,
				3CB448011A93126A00C8AD9C /* HomeCopeo.h */,
				3CB448021A93126A00C8AD9C /* HomeCopeo.m */,
				3CB448041A93126A00C8AD9C /* Main.storyboard */,
				3CB448071A93126A00C8AD9C /* Images.xcassets */,
				3CB448091A93126A00C8AD9C /* LaunchScreen.xib */,
				3CB447FA1A93126A00C8AD9C /* Supporting Files */,
			);
			path = Copeo;
			sourceTree = "<group>";
		};
		3CB447FA1A93126A00C8AD9C /* Supporting Files */ = {
			isa = PBXGroup;
			children = (
				3CB447FB1A93126A00C8AD9C /* Info.plist */,
				3CB447FC1A93126A00C8AD9C /* main.m */,
			);
			name = "Supporting Files";
			sourceTree = "<group>";
		};
		3CB448131A93126A00C8AD9C /* CopeoTests */ = {
			isa = PBXGroup;
			children = (
				3CB448161A93126A00C8AD9C /* CopeoTests.m */,
				3CB448141A93126A00C8AD9C /* Supporting Files */,
			);
			path = CopeoTests;
			sourceTree = "<group>";
		};
		3CB448141A93126A00C8AD9C /* Supporting Files */ = {
			isa = PBXGroup;
			children = (
				3CB448151A93126A00C8AD9C /* Info.plist */,
			);
			name = "Supporting Files";
			sourceTree = "<group>";
		};
/* End PBXGroup section */

/* Begin PBXNativeTarget section */
		3CB447F61A93126A00C8AD9C /* Copeo */ = {
			isa = PBXNativeTarget;
			buildConfigurationList = 3CB4481A1A93126A00C8AD9C /* Build configuration list for PBXNativeTarget "Copeo" */;
			buildPhases = (
				3CB447F31A93126A00C8AD9C /* Sources */,
				3CB447F41A93126A00C8AD9C /* Frameworks */,
				3CB447F51A93126A00C8AD9C /* Resources */,
			);
			buildRules = (
			);
			dependencies = (
			);
			name = Copeo;
			productName = Copeo;
			productReference = 3CB447F71A93126A00C8AD9C /* Copeo.app */;
			productType = "com.apple.product-type.application";
		};
		3CB4480F1A93126A00C8AD9C /* CopeoTests */ = {
			isa = PBXNativeTarget;
			buildConfigurationList = 3CB4481D1A93126A00C8AD9C /* Build configuration list for PBXNativeTarget "CopeoTests" */;
			buildPhases = (
				3CB4480C1A93126A00C8AD9C /* Sources */,
				3CB4480D1A93126A00C8AD9C /* Frameworks */,
				3CB4480E1A93126A00C8AD9C /* Resources */,
			);
			buildRules = (
			);
			dependencies = (
				3CB448121A93126A00C8AD9C /* PBXTargetDependency */,
			);
			name = CopeoTests;
			productName = CopeoTests;
			productReference = 3CB448101A93126A00C8AD9C /* CopeoTests.xctest */;
			productType = "com.apple.product-type.bundle.unit-test";
		};
/* End PBXNativeTarget section */

/* Begin PBXProject section */
		3CB447EF1A93126A00C8AD9C /* Project object */ = {
			isa = PBXProject;
			attributes = {
				LastUpgradeCheck = 0610;
				ORGANIZATIONNAME = "Chiunti Soft";
				TargetAttributes = {
					3CB447F61A93126A00C8AD9C = {
						CreatedOnToolsVersion = 6.1.1;
					};
					3CB4480F1A93126A00C8AD9C = {
						CreatedOnToolsVersion = 6.1.1;
						TestTargetID = 3CB447F61A93126A00C8AD9C;
					};
				};
			};
			buildConfigurationList = 3CB447F21A93126A00C8AD9C /* Build configuration list for PBXProject "Copeo" */;
			compatibilityVersion = "Xcode 3.2";
			developmentRegion = English;
			hasScannedForEncodings = 0;
			knownRegions = (
				en,
				Base,
			);
			mainGroup = 3CB447EE1A93126A00C8AD9C;
			productRefGroup = 3CB447F81A93126A00C8AD9C /* Products */;
			projectDirPath = "";
			projectRoot = "";
			targets = (
				3CB447F61A93126A00C8AD9C /* Copeo */,
				3CB4480F1A93126A00C8AD9C /* CopeoTests */,
			);
		};
/* End PBXProject section */

/* Begin PBXResourcesBuildPhase section */
		3CB447F51A93126A00C8AD9C /* Resources */ = {
			isa = PBXResourcesBuildPhase;
			buildActionMask = 2147483647;
			files = (
				3CB448061A93126A00C8AD9C /* Main.storyboard in Resources */,
				3CB4480B1A93126A00C8AD9C /* LaunchScreen.xib in Resources */,
				3CB448081A93126A00C8AD9C /* Images.xcassets in Resources */,
			);
			runOnlyForDeploymentPostprocessing = 0;
		};
		3CB4480E1A93126A00C8AD9C /* Resources */ = {
			isa = PBXResourcesBuildPhase;
			buildActionMask = 2147483647;
			files = (
			);
			runOnlyForDeploymentPostprocessing = 0;
		};
/* End PBXResourcesBuildPhase section */

/* Begin PBXSourcesBuildPhase section */
		3CB447F31A93126A00C8AD9C /* Sources */ = {
			isa = PBXSourcesBuildPhase;
			buildActionMask = 2147483647;
			files = (
				3CB448031A93126A00C8AD9C /* HomeCopeo.m in Sources */,
				3CB448001A93126A00C8AD9C /* AppDelegate.m in Sources */,
				3CB447FD1A93126A00C8AD9C /* main.m in Sources */,
			);
			runOnlyForDeploymentPostprocessing = 0;
		};
		3CB4480C1A93126A00C8AD9C /* Sources */ = {
			isa = PBXSourcesBuildPhase;
			buildActionMask = 2147483647;
			files = (
				3CB448171A93126A00C8AD9C /* CopeoTests.m in Sources */,
			);
			runOnlyForDeploymentPostprocessing = 0;
		};
/* End PBXSourcesBuildPhase section */

/* Begin PBXTargetDependency section */
		3CB448121A93126A00C8AD9C /* PBXTargetDependency */ = {
			isa = PBXTargetDependency;
			target = 3CB447F61A93126A00C8AD9C /* Copeo */;
			targetProxy = 3CB448111A93126A00C8AD9C /* PBXContainerItemProxy */;
		};
/* End PBXTargetDependency section */

/* Begin PBXVariantGroup section */
		3CB448041A93126A00C8AD9C /* Main.storyboard */ = {
			isa = PBXVariantGroup;
			children = (
				3CB448051A93126A00C8AD9C /* Base */,
			);
			name = Main.storyboard;
			sourceTree = "<group>";
		};
		3CB448091A93126A00C8AD9C /* LaunchScreen.xib */ = {
			isa = PBXVariantGroup;
			children = (
				3CB4480A1A93126A00C8AD9C /* Base */,
			);
			name = LaunchScreen.xib;
			sourceTree = "<group>";
		};
/* End PBXVariantGroup section */

/* Begin XCBuildConfiguration section */
		3CB448181A93126A00C8AD9C /* Debug */ = {
			isa = XCBuildConfiguration;
			buildSettings = {
				ALWAYS_SEARCH_USER_PATHS = NO;
				CLANG_CXX_LANGUAGE_STANDARD = "gnu++0x";
				CLANG_CXX_LIBRARY = "libc++";
				CLANG_ENABLE_MODULES = YES;
				CLANG_ENABLE_OBJC_ARC = YES;
				CLANG_WARN_BOOL_CONVERSION = YES;
				CLANG_WARN_CONSTANT_CONVERSION = YES;
				CLANG_WARN_DIRECT_OBJC_ISA_USAGE = YES_ERROR;
				CLANG_WARN_EMPTY_BODY = YES;
				CLANG_WARN_ENUM_CONVERSION = YES;
				CLANG_WARN_INT_CONVERSION = YES;
				CLANG_WARN_OBJC_ROOT_CLASS = YES_ERROR;
				CLANG_WARN_UNREACHABLE_CODE = YES;
				CLANG_WARN__DUPLICATE_METHOD_MATCH = YES;
				"CODE_SIGN_IDENTITY[sdk=iphoneos*]" = "iPhone Developer";
				COPY_PHASE_STRIP = NO;
				ENABLE_STRICT_OBJC_MSGSEND = YES;
				GCC_C_LANGUAGE_STANDARD = gnu99;
				GCC_DYNAMIC_NO_PIC = NO;
				GCC_OPTIMIZATION_LEVEL = 0;
				GCC_PREPROCESSOR_DEFINITIONS = (
					"DEBUG=1",
					"$(inherited)",
				);
				GCC_SYMBOLS_PRIVATE_EXTERN = NO;
				GCC_WARN_64_TO_32_BIT_CONVERSION = YES;
				GCC_WARN_ABOUT_RETURN_TYPE = YES_ERROR;
				GCC_WARN_UNDECLARED_SELECTOR = YES;
				GCC_WARN_UNINITIALIZED_AUTOS = YES_AGGRESSIVE;
				GCC_WARN_UNUSED_FUNCTION = YES;
				GCC_WARN_UNUSED_VARIABLE = YES;
				IPHONEOS_DEPLOYMENT_TARGET = 8.1;
				MTL_ENABLE_DEBUG_INFO = YES;
				ONLY_ACTIVE_ARCH = YES;
				SDKROOT = iphoneos;
			};
			name = Debug;
		};
		3CB448191A93126A00C8AD9C /* Release */ = {
			isa = XCBuildConfiguration;
			buildSettings = {
				ALWAYS_SEARCH_USER_PATHS = NO;
				CLANG_CXX_LANGUAGE_STANDARD = "gnu++0x";
				CLANG_CXX_LIBRARY = "libc++";
				CLANG_ENABLE_MODULES = YES;
				CLANG_ENABLE_OBJC_ARC = YES;
				CLANG_WARN_BOOL_CONVERSION = YES;
				CLANG_WARN_CONSTANT_CONVERSION = YES;
				CLANG_WARN_DIRECT_OBJC_ISA_USAGE = YES_ERROR;
				CLANG_WARN_EMPTY_BODY = YES;
				CLANG_WARN_ENUM_CONVERSION = YES;
				CLANG_WARN_INT_CONVERSION = YES;
				CLANG_WARN_OBJC_ROOT_CLASS = YES_ERROR;
				CLANG_WARN_UNREACHABLE_CODE = YES;
				CLANG_WARN__DUPLICATE_METHOD_MATCH = YES;
				"CODE_SIGN_IDENTITY[sdk=iphoneos*]" = "iPhone Developer";
				COPY_PHASE_STRIP = YES;
				ENABLE_NS_ASSERTIONS = NO;
				ENABLE_STRICT_OBJC_MSGSEND = YES;
				GCC_C_LANGUAGE_STANDARD = gnu99;
				GCC_WARN_64_TO_32_BIT_CONVERSION = YES;
				GCC_WARN_ABOUT_RETURN_TYPE = YES_ERROR;
				GCC_WARN_UNDECLARED_SELECTOR = YES;
				GCC_WARN_UNINITIALIZED_AUTOS = YES_AGGRESSIVE;
				GCC_WARN_UNUSED_FUNCTION = YES;
				GCC_WARN_UNUSED_VARIABLE = YES;
				IPHONEOS_DEPLOYMENT_TARGET = 8.1;
				MTL_ENABLE_DEBUG_INFO = NO;
				SDKROOT = iphoneos;
				VALIDATE_PRODUCT = YES;
			};
			name = Release;
		};
		3CB4481B1A93126A00C8AD9C /* Debug */ = {
			isa = XCBuildConfiguration;
			buildSettings = {
				ASSETCATALOG_COMPILER_APPICON_NAME = AppIcon;
				FRAMEWORK_SEARCH_PATHS = (
					"$(inherited)",
					"$(PROJECT_DIR)/parse-library",
				);
				INFOPLIST_FILE = Copeo/Info.plist;
				LD_RUNPATH_SEARCH_PATHS = "$(inherited) @executable_path/Frameworks";
				PRODUCT_NAME = "$(TARGET_NAME)";
			};
			name = Debug;
		};
		3CB4481C1A93126A00C8AD9C /* Release */ = {
			isa = XCBuildConfiguration;
			buildSettings = {
				ASSETCATALOG_COMPILER_APPICON_NAME = AppIcon;
				FRAMEWORK_SEARCH_PATHS = (
					"$(inherited)",
					"$(PROJECT_DIR)/parse-library",
				);
				INFOPLIST_FILE = Copeo/Info.plist;
				LD_RUNPATH_SEARCH_PATHS = "$(inherited) @executable_path/Frameworks";
				PRODUCT_NAME = "$(TARGET_NAME)";
			};
			name = Release;
		};
		3CB4481E1A93126A00C8AD9C /* Debug */ = {
			isa = XCBuildConfiguration;
			buildSettings = {
				BUNDLE_LOADER = "$(TEST_HOST)";
				FRAMEWORK_SEARCH_PATHS = (
					"$(SDKROOT)/Developer/Library/Frameworks",
					"$(inherited)",
				);
				GCC_PREPROCESSOR_DEFINITIONS = (
					"DEBUG=1",
					"$(inherited)",
				);
				INFOPLIST_FILE = CopeoTests/Info.plist;
				LD_RUNPATH_SEARCH_PATHS = "$(inherited) @executable_path/Frameworks @loader_path/Frameworks";
				PRODUCT_NAME = "$(TARGET_NAME)";
				TEST_HOST = "$(BUILT_PRODUCTS_DIR)/Copeo.app/Copeo";
			};
			name = Debug;
		};
		3CB4481F1A93126A00C8AD9C /* Release */ = {
			isa = XCBuildConfiguration;
			buildSettings = {
				BUNDLE_LOADER = "$(TEST_HOST)";
				FRAMEWORK_SEARCH_PATHS = (
					"$(SDKROOT)/Developer/Library/Frameworks",
					"$(inherited)",
				);
				INFOPLIST_FILE = CopeoTests/Info.plist;
				LD_RUNPATH_SEARCH_PATHS = "$(inherited) @executable_path/Frameworks @loader_path/Frameworks";
				PRODUCT_NAME = "$(TARGET_NAME)";
				TEST_HOST = "$(BUILT_PRODUCTS_DIR)/Copeo.app/Copeo";
			};
			name = Release;
		};
/* End XCBuildConfiguration section */

/* Begin XCConfigurationList section */
		3CB447F21A93126A00C8AD9C /* Build configuration list for PBXProject "Copeo" */ = {
			isa = XCConfigurationList;
			buildConfigurations = (
				3CB448181A93126A00C8AD9C /* Debug */,
				3CB448191A93126A00C8AD9C /* Release */,
			);
			defaultConfigurationIsVisible = 0;
			defaultConfigurationName = Release;
		};
		3CB4481A1A93126A00C8AD9C /* Build configuration list for PBXNativeTarget "Copeo" */ = {
			isa = XCConfigurationList;
			buildConfigurations = (
				3CB4481B1A93126A00C8AD9C /* Debug */,
				3CB4481C1A93126A00C8AD9C /* Release */,
			);
			defaultConfigurationIsVisible = 0;
			defaultConfigurationName = Release;
		};
		3CB4481D1A93126A00C8AD9C /* Build configuration list for PBXNativeTarget "CopeoTests" */ = {
			isa = XCConfigurationList;
			buildConfigurations = (
				3CB4481E1A93126A00C8AD9C /* Debug */,
				3CB4481F1A93126A00C8AD9C /* Release */,
			);
			defaultConfigurationIsVisible = 0;
			defaultConfigurationName = Release;
		};
/* End XCConfigurationList section */
	};
	rootObject = 3CB447EF1A93126A00C8AD9C /* Project object */;
}
