// !$*UTF8*$!
{
	archiveVersion = 1;
	classes = {
	};
	objectVersion = 46;
	objects = {

/* Begin PBXBuildFile section */
		3CB447FD1A93126A00C8AD9C /* main.m in Sources */ = {isa = PBXBuildFile; fileRef = 3CB447FC1A93126A00C8AD9C /* main.m */; };
		3CB448001A93126A00C8AD9C /* AppDelegate.m in Sources */ = {isa = PBXBuildFile; fileRef = 3CB447FF1A93126A00C8AD9C /* AppDelegate.m */; };
		3CB448031A93126A00C8AD9C /* HomeCopeo.m in Sources */ = {isa = PBXBuildFile; fileRef = 3CB448021A93126A00C8AD9C /* HomeCopeo.m */; };
		3CB448061A93126A00C8AD9C /* Main.storyboard in Resources */ = {isa = PBXBuildFile; fileRef = 3CB448041A93126A00C8AD9C /* Main.storyboard */; };
		3CB448081A93126A00C8AD9C /* Images.xcassets in Resources */ = {isa = PBXBuildFile; fileRef = 3CB448071A93126A00C8AD9C /* Images.xcassets */; };
		3CB4480B1A93126A00C8AD9C /* LaunchScreen.xib in Resources */ = {isa = PBXBuildFile; fileRef = 3CB448091A93126A00C8AD9C /* LaunchScreen.xib */; };
		3CB448171A93126A00C8AD9C /* CopeoTests.m in Sources */ = {isa = PBXBuildFile; fileRef = 3CB448161A93126A00C8AD9C /* CopeoTests.m */; };
/* End PBXBuildFile section */

/* Begin PBXContainerItemProxy section */
		3CB448111A93126A00C8AD9C /* PBXContainerItemProxy */ = {
			isa = PBXContainerItemProxy;
			containerPortal = 3CB447EF1A93126A00C8AD9C /* Project object */;
			proxyType = 1;
			remoteGlobalIDString = 3CB447F61A93126A00C8AD9C;
			remoteInfo = Copeo;
		};
/* End PBXContainerItemProxy section */

/* Begin PBXFileReference section */
		3CB447F71A93126A00C8AD9C /* Copeo.app */ = {isa = PBXFileReference; explicitFileType = wrapper.application; includeInIndex = 0; path = Copeo.app; sourceTree = BUILT_PRODUCTS_DIR; };
		3CB447FB1A93126A00C8AD9C /* Info.plist */ = {isa = PBXFileReference; lastKnownFileType = text.plist.xml; path = Info.plist; sourceTree = "<group>"; };
		3CB447FC1A93126A00C8AD9C /* main.m */ = {isa = PBXFileReference; lastKnownFileType = sourcecode.c.objc; path = main.m; sourceTree = "<group>"; };
		3CB447FE1A93126A00C8AD9C /* AppDelegate.h */ = {isa = PBXFileReference; lastKnownFileType = sourcecode.c.h; path = AppDelegate.h; sourceTree = "<group>"; };
		3CB447FF1A93126A00C8AD9C /* AppDelegate.m */ = {isa = PBXFileReference; lastKnownFileType = sourcecode.c.objc; path = AppDelegate.m; sourceTree = "<group>"; };
		3CB448011A93126A00C8AD9C /* HomeCopeo.h */ = {isa = PBXFileReference; lastKnownFileType = sourcecode.c.h; path = HomeCopeo.h; sourceTree = "<group>"; };
		3CB448021A93126A00C8AD9C /* HomeCopeo.m */ = {isa = PBXFileReference; lastKnownFileType = sourcecode.c.objc; path = HomeCopeo.m; sourceTree = "<group>"; };
		3CB448051A93126A00C8AD9C /* Base */ = {isa = PBXFileReference; lastKnownFileType = file.storyboard; name = Base; path = Base.lproj/Main.storyboard; sourceTree = "<group>"; };
		3CB448071A93126A00C8AD9C /* Images.xcassets */ = {isa = PBXFileReference; lastKnownFileType = folder.assetcatalog; path = Images.xcassets; sourceTree = "<group>"; };
		3CB4480A1A93126A00C8AD9C /* Base */ = {isa = PBXFileReference; lastKnownFileType = file.xib; name = Base; path = Base.lproj/LaunchScreen.xib; sourceTree = "<group>"; };
		3CB448101A93126A00C8AD9C /* CopeoTests.xctest */ = {isa = PBXFileReference; explicitFileType = wrapper.cfbundle; includeInIndex = 0; path = CopeoTests.xctest; sourceTree = BUILT_PRODUCTS_DIR; };
		3CB448151A93126A00C8AD9C /* Info.plist */ = {isa = PBXFileReference; lastKnownFileType = text.plist.xml; path = Info.plist; sourceTree = "<group>"; };
		3CB448161A93126A00C8AD9C /* CopeoTests.m */ = {isa = PBXFileReference; lastKnownFileType = sourcecode.c.objc; path = CopeoTests.m; sourceTree = "<group>"; };
/* End PBXFileReference section */

/* Begin PBXFrameworksBuildPhase section */
		3CB447F41A93126A00C8AD9C /* Frameworks */ = {
			isa = PBXFrameworksBuildPhase;
			buildActionMask = 2147483647;
			files = (
			);
			runOnlyForDeploymentPostprocessing = 0;
		};
		3CB4480D1A93126A00C8AD9C /* Frameworks */ = {
			isa = PBXFrameworksBuildPhase;
			buildActionMask = 2147483647;
			files = (
			);
			runOnlyForDeploymentPostprocessing = 0;
		};
/* End PBXFrameworksBuildPhase section */

/* Begin PBXGroup section */
		3CB447EE1A93126A00C8AD9C = {
			isa = PBXGroup;
			children = (
				3CB447F91A93126A00C8AD9C /* Copeo */,
				3CB448131A93126A00C8AD9C /* CopeoTests */,
				3CB447F81A93126A00C8AD9C /* Products */,
			);
			sourceTree = "<group>";
		};
		3CB447F81A93126A00C8AD9C /* Products */ = {
			isa = PBXGroup;
			children = (
				3CB447F71A93126A00C8AD9C /* Copeo.app */,
				3CB448101A93126A00C8AD9C /* CopeoTests.xctest */,
			);
			name = Products;
			sourceTree = "<group>";
		};
		3CB447F91A93126A00C8AD9C /* Copeo */ = {
			isa = PBXGroup;
			children = (
				3CB447FE1A93126A00C8AD9C /* AppDelegate.h */,
				3CB447FF1A93126A00C8AD9C /* AppDelegate.m */,
				3CB448011A93126A00C8AD9C /* HomeCopeo.h */,
				3CB448021A93126A00C8AD9C /* HomeCopeo.m */,
				3CB448041A93126A00C8AD9C /* Main.storyboard */,
				3CB448071A93126A00C8AD9C /* Images.xcassets */,
				3CB448091A93126A00C8AD9C /* LaunchScreen.xib */,
				3CB447FA1A93126A00C8AD9C /* Supporting Files */,
			);
			path = Copeo;
			sourceTree = "<group>";
		};
		3CB447FA1A93126A00C8AD9C /* Supporting Files */ = {
			isa = PBXGroup;
			children = (
				3CB447FB1A93126A00C8AD9C /* Info.plist */,
				3CB447FC1A93126A00C8AD9C /* main.m */,
			);
			name = "Supporting Files";
			sourceTree = "<group>";
		};
		3CB448131A93126A00C8AD9C /* CopeoTests */ = {
			isa = PBXGroup;
			children = (
				3CB448161A93126A00C8AD9C /* CopeoTests.m */,
				3CB448141A93126A00C8AD9C /* Supporting Files */,
			);
			path = CopeoTests;
			sourceTree = "<group>";
		};
		3CB448141A93126A00C8AD9C /* Supporting Files */ = {
			isa = PBXGroup;
			children = (
				3CB448151A93126A00C8AD9C /* Info.plist */,
			);
			name = "Supporting Files";
			sourceTree = "<group>";
		};
/* End PBXGroup section */

/* Begin PBXNativeTarget section */
		3CB447F61A93126A00C8AD9C /* Copeo */ = {
			isa = PBXNativeTarget;
			buildConfigurationList = 3CB4481A1A93126A00C8AD9C /* Build configuration list for PBXNativeTarget "Copeo" */;
			buildPhases = (
				3CB447F31A93126A00C8AD9C /* Sources */,
				3CB447F41A93126A00C8AD9C /* Frameworks */,
				3CB447F51A93126A00C8AD9C /* Resources */,
			);
			buildRules = (
			);
			dependencies = (
			);
			name = Copeo;
			productName = Copeo;
			productReference = 3CB447F71A93126A00C8AD9C /* Copeo.app */;
			productType = "com.apple.product-type.application";
		};
		3CB4480F1A93126A00C8AD9C /* CopeoTests */ = {
			isa = PBXNativeTarget;
			buildConfigurationList = 3CB4481D1A93126A00C8AD9C /* Build configuration list for PBXNativeTarget "CopeoTests" */;
			buildPhases = (
				3CB4480C1A93126A00C8AD9C /* Sources */,
				3CB4480D1A93126A00C8AD9C /* Frameworks */,
				3CB4480E1A93126A00C8AD9C /* Resources */,
			);
			buildRules = (
			);
			dependencies = (
				3CB448121A93126A00C8AD9C /* PBXTargetDependency */,
			);
			name = CopeoTests;
			productName = CopeoTests;
			productReference = 3CB448101A93126A00C8AD9C /* CopeoTests.xctest */;
			productType = "com.apple.product-type.bundle.unit-test";
		};
/* End PBXNativeTarget section */

/* Begin PBXProject section */
		3CB447EF1A93126A00C8AD9C /* Project object */ = {
			isa = PBXProject;
			attributes = {
				LastUpgradeCheck = 0610;
				ORGANIZATIONNAME = "Chiunti Soft";
				TargetAttributes = {
					3CB447F61A93126A00C8AD9C = {
						CreatedOnToolsVersion = 6.1.1;
					};
					3CB4480F1A93126A00C8AD9C = {
						CreatedOnToolsVersion = 6.1.1;
						TestTargetID = 3CB447F61A93126A00C8AD9C;
					};
				};
			};
			buildConfigurationList = 3CB447F21A93126A00C8AD9C /* Build configuration list for PBXProject "Copeo" */;
			compatibilityVersion = "Xcode 3.2";
			developmentRegion = English;
			hasScannedForEncodings = 0;
			knownRegions = (
				en,
				Base,
			);
			mainGroup = 3CB447EE1A93126A00C8AD9C;
			productRefGroup = 3CB447F81A93126A00C8AD9C /* Products */;
			projectDirPath = "";
			projectRoot = "";
			targets = (
				3CB447F61A93126A00C8AD9C /* Copeo */,
				3CB4480F1A93126A00C8AD9C /* CopeoTests */,
			);
		};
/* End PBXProject section */

/* Begin PBXResourcesBuildPhase section */
		3CB447F51A93126A00C8AD9C /* Resources */ = {
			isa = PBXResourcesBuildPhase;
			buildActionMask = 2147483647;
			files = (
				3CB448061A93126A00C8AD9C /* Main.storyboard in Resources */,
				3CB4480B1A93126A00C8AD9C /* LaunchScreen.xib in Resources */,
				3CB448081A93126A00C8AD9C /* Images.xcassets in Resources */,
			);
			runOnlyForDeploymentPostprocessing = 0;
		};
		3CB4480E1A93126A00C8AD9C /* Resources */ = {
			isa = PBXResourcesBuildPhase;
			buildActionMask = 2147483647;
			files = (
			);
			runOnlyForDeploymentPostprocessing = 0;
		};
/* End PBXResourcesBuildPhase section */

/* Begin PBXSourcesBuildPhase section */
		3CB447F31A93126A00C8AD9C /* Sources */ = {
			isa = PBXSourcesBuildPhase;
			buildActionMask = 2147483647;
			files = (
				3CB448031A93126A00C8AD9C /* HomeCopeo.m in Sources */,
				3CB448001A93126A00C8AD9C /* AppDelegate.m in Sources */,
				3CB447FD1A93126A00C8AD9C /* main.m in Sources */,
			);
			runOnlyForDeploymentPostprocessing = 0;
		};
		3CB4480C1A93126A00C8AD9C /* Sources */ = {
			isa = PBXSourcesBuildPhase;
			buildActionMask = 2147483647;
			files = (
				3CB448171A93126A00C8AD9C /* CopeoTests.m in Sources */,
			);
			runOnlyForDeploymentPostprocessing = 0;
		};
/* End PBXSourcesBuildPhase section */

/* Begin PBXTargetDependency section */
		3CB448121A93126A00C8AD9C /* PBXTargetDependency */ = {
			isa = PBXTargetDependency;
			target = 3CB447F61A93126A00C8AD9C /* Copeo */;
			targetProxy = 3CB448111A93126A00C8AD9C /* PBXContainerItemProxy */;
		};
/* End PBXTargetDependency section */

/* Begin PBXVariantGroup section */
		3CB448041A93126A00C8AD9C /* Main.storyboard */ = {
			isa = PBXVariantGroup;
			children = (
				3CB448051A93126A00C8AD9C /* Base */,
			);
			name = Main.storyboard;
			sourceTree = "<group>";
		};
		3CB448091A93126A00C8AD9C /* LaunchScreen.xib */ = {
			isa = PBXVariantGroup;
			children = (
				3CB4480A1A93126A00C8AD9C /* Base */,
			);
			name = LaunchScreen.xib;
			sourceTree = "<group>";
		};
/* End PBXVariantGroup section */

/* Begin XCBuildConfiguration section */
		3CB448181A93126A00C8AD9C /* Debug */ = {
			isa = XCBuildConfiguration;
			buildSettings = {
				ALWAYS_SEARCH_USER_PATHS = NO;
				CLANG_CXX_LANGUAGE_STANDARD = "gnu++0x";
				CLANG_CXX_LIBRARY = "libc++";
				CLANG_ENABLE_MODULES = YES;
				CLANG_ENABLE_OBJC_ARC = YES;
				CLANG_WARN_BOOL_CONVERSION = YES;
				CLANG_WARN_CONSTANT_CONVERSION = YES;
				CLANG_WARN_DIRECT_OBJC_ISA_USAGE = YES_ERROR;
				CLANG_WARN_EMPTY_BODY = YES;
				CLANG_WARN_ENUM_CONVERSION = YES;
				CLANG_WARN_INT_CONVERSION = YES;
				CLANG_WARN_OBJC_ROOT_CLASS = YES_ERROR;
				CLANG_WARN_UNREACHABLE_CODE = YES;
				CLANG_WARN__DUPLICATE_METHOD_MATCH = YES;
				"CODE_SIGN_IDENTITY[sdk=iphoneos*]" = "iPhone Developer";
				COPY_PHASE_STRIP = NO;
				ENABLE_STRICT_OBJC_MSGSEND = YES;
				GCC_C_LANGUAGE_STANDARD = gnu99;
				GCC_DYNAMIC_NO_PIC = NO;
				GCC_OPTIMIZATION_LEVEL = 0;
				GCC_PREPROCESSOR_DEFINITIONS = (
					"DEBUG=1",
					"$(inherited)",
				);
				GCC_SYMBOLS_PRIVATE_EXTERN = NO;
				GCC_WARN_64_TO_32_BIT_CONVERSION = YES;
				GCC_WARN_ABOUT_RETURN_TYPE = YES_ERROR;
				GCC_WARN_UNDECLARED_SELECTOR = YES;
				GCC_WARN_UNINITIALIZED_AUTOS = YES_AGGRESSIVE;
				GCC_WARN_UNUSED_FUNCTION = YES;
				GCC_WARN_UNUSED_VARIABLE = YES;
				IPHONEOS_DEPLOYMENT_TARGET = 8.1;
				MTL_ENABLE_DEBUG_INFO = YES;
				ONLY_ACTIVE_ARCH = YES;
				SDKROOT = iphoneos;
			};
			name = Debug;
		};
		3CB448191A93126A00C8AD9C /* Release */ = {
			isa = XCBuildConfiguration;
			buildSettings = {
				ALWAYS_SEARCH_USER_PATHS = NO;
				CLANG_CXX_LANGUAGE_STANDARD = "gnu++0x";
				CLANG_CXX_LIBRARY = "libc++";
				CLANG_ENABLE_MODULES = YES;
				CLANG_ENABLE_OBJC_ARC = YES;
				CLANG_WARN_BOOL_CONVERSION = YES;
				CLANG_WARN_CONSTANT_CONVERSION = YES;
				CLANG_WARN_DIRECT_OBJC_ISA_USAGE = YES_ERROR;
				CLANG_WARN_EMPTY_BODY = YES;
				CLANG_WARN_ENUM_CONVERSION = YES;
				CLANG_WARN_INT_CONVERSION = YES;
				CLANG_WARN_OBJC_ROOT_CLASS = YES_ERROR;
				CLANG_WARN_UNREACHABLE_CODE = YES;
				CLANG_WARN__DUPLICATE_METHOD_MATCH = YES;
				"CODE_SIGN_IDENTITY[sdk=iphoneos*]" = "iPhone Developer";
				COPY_PHASE_STRIP = YES;
				ENABLE_NS_ASSERTIONS = NO;
				ENABLE_STRICT_OBJC_MSGSEND = YES;
				GCC_C_LANGUAGE_STANDARD = gnu99;
				GCC_WARN_64_TO_32_BIT_CONVERSION = YES;
				GCC_WARN_ABOUT_RETURN_TYPE = YES_ERROR;
				GCC_WARN_UNDECLARED_SELECTOR = YES;
				GCC_WARN_UNINITIALIZED_AUTOS = YES_AGGRESSIVE;
				GCC_WARN_UNUSED_FUNCTION = YES;
				GCC_WARN_UNUSED_VARIABLE = YES;
				IPHONEOS_DEPLOYMENT_TARGET = 8.1;
				MTL_ENABLE_DEBUG_INFO = NO;
				SDKROOT = iphoneos;
				VALIDATE_PRODUCT = YES;
			};
			name = Release;
		};
		3CB4481B1A93126A00C8AD9C /* Debug */ = {
			isa = XCBuildConfiguration;
			buildSettings = {
				ASSETCATALOG_COMPILER_APPICON_NAME = AppIcon;
				INFOPLIST_FILE = Copeo/Info.plist;
				LD_RUNPATH_SEARCH_PATHS = "$(inherited) @executable_path/Frameworks";
				PRODUCT_NAME = "$(TARGET_NAME)";
			};
			name = Debug;
		};
		3CB4481C1A93126A00C8AD9C /* Release */ = {
			isa = XCBuildConfiguration;
			buildSettings = {
				ASSETCATALOG_COMPILER_APPICON_NAME = AppIcon;
				INFOPLIST_FILE = Copeo/Info.plist;
				LD_RUNPATH_SEARCH_PATHS = "$(inherited) @executable_path/Frameworks";
				PRODUCT_NAME = "$(TARGET_NAME)";
			};
			name = Release;
		};
		3CB4481E1A93126A00C8AD9C /* Debug */ = {
			isa = XCBuildConfiguration;
			buildSettings = {
				BUNDLE_LOADER = "$(TEST_HOST)";
				FRAMEWORK_SEARCH_PATHS = (
					"$(SDKROOT)/Developer/Library/Frameworks",
					"$(inherited)",
				);
				GCC_PREPROCESSOR_DEFINITIONS = (
					"DEBUG=1",
					"$(inherited)",
				);
				INFOPLIST_FILE = CopeoTests/Info.plist;
				LD_RUNPATH_SEARCH_PATHS = "$(inherited) @executable_path/Frameworks @loader_path/Frameworks";
				PRODUCT_NAME = "$(TARGET_NAME)";
				TEST_HOST = "$(BUILT_PRODUCTS_DIR)/Copeo.app/Copeo";
			};
			name = Debug;
		};
		3CB4481F1A93126A00C8AD9C /* Release */ = {
			isa = XCBuildConfiguration;
			buildSettings = {
				BUNDLE_LOADER = "$(TEST_HOST)";
				FRAMEWORK_SEARCH_PATHS = (
					"$(SDKROOT)/Developer/Library/Frameworks",
					"$(inherited)",
				);
				INFOPLIST_FILE = CopeoTests/Info.plist;
				LD_RUNPATH_SEARCH_PATHS = "$(inherited) @executable_path/Frameworks @loader_path/Frameworks";
				PRODUCT_NAME = "$(TARGET_NAME)";
				TEST_HOST = "$(BUILT_PRODUCTS_DIR)/Copeo.app/Copeo";
			};
			name = Release;
		};
/* End XCBuildConfiguration section */

/* Begin XCConfigurationList section */
		3CB447F21A93126A00C8AD9C /* Build configuration list for PBXProject "Copeo" */ = {
			isa = XCConfigurationList;
			buildConfigurations = (
				3CB448181A93126A00C8AD9C /* Debug */,
				3CB448191A93126A00C8AD9C /* Release */,
			);
			defaultConfigurationIsVisible = 0;
			defaultConfigurationName = Release;
		};
		3CB4481A1A93126A00C8AD9C /* Build configuration list for PBXNativeTarget "Copeo" */ = {
			isa = XCConfigurationList;
			buildConfigurations = (
				3CB4481B1A93126A00C8AD9C /* Debug */,
				3CB4481C1A93126A00C8AD9C /* Release */,
			);
			defaultConfigurationIsVisible = 0;
		};
		3CB4481D1A93126A00C8AD9C /* Build configuration list for PBXNativeTarget "CopeoTests" */ = {
			isa = XCConfigurationList;
			buildConfigurations = (
				3CB4481E1A93126A00C8AD9C /* Debug */,
				3CB4481F1A93126A00C8AD9C /* Release */,
			);
			defaultConfigurationIsVisible = 0;
		};
/* End XCConfigurationList section */
	};
	rootObject = 3CB447EF1A93126A00C8AD9C /* Project object */;
}
